
Microsoft Visual Studio Solution File, Format Version 12.00
# Visual Studio 14
VisualStudioVersion = 14.0.25123.0
MinimumVisualStudioVersion = 10.0.40219.1
Project("{FAE04EC0-301F-11D3-BF4B-00C04F79EFBC}") = "01. Rabbit Hole", "01. Rabbit Hole\01. Rabbit Hole.csproj", "{C56E6AA6-6F21-4AE0-9C6B-5E125FCD6CC0}"
EndProject
Project("{FAE04EC0-301F-11D3-BF4B-00C04F79EFBC}") = "02. Japanese Roulette", "02. Japanese Roulette\02. Japanese Roulette.csproj", "{DCBECE02-37BC-4074-BEDA-7F8960EB8B4E}"
EndProject
Project("{FAE04EC0-301F-11D3-BF4B-00C04F79EFBC}") = "03. Increasing Crisis", "03. Increasing Crisis\03. Increasing Crisis.csproj", "{B12CB6FC-9EA8-4BCC-9A00-21F9E8B0589A}"
EndProject
Project("{FAE04EC0-301F-11D3-BF4B-00C04F79EFBC}") = "04. Extremums", "04. Extremums\04. Extremums.csproj", "{9EAD7D59-30E5-4D12-888D-577C230F27F2}"
EndProject
Global
	GlobalSection(SolutionConfigurationPlatforms) = preSolution
		Debug|Any CPU = Debug|Any CPU
		Release|Any CPU = Release|Any CPU
	EndGlobalSection
	GlobalSection(ProjectConfigurationPlatforms) = postSolution
		{C56E6AA6-6F21-4AE0-9C6B-5E125FCD6CC0}.Debug|Any CPU.ActiveCfg = Debug|Any CPU
		{C56E6AA6-6F21-4AE0-9C6B-5E125FCD6CC0}.Debug|Any CPU.Build.0 = Debug|Any CPU
		{C56E6AA6-6F21-4AE0-9C6B-5E125FCD6CC0}.Release|Any CPU.ActiveCfg = Release|Any CPU
		{C56E6AA6-6F21-4AE0-9C6B-5E125FCD6CC0}.Release|Any CPU.Build.0 = Release|Any CPU
		{DCBECE02-37BC-4074-BEDA-7F8960EB8B4E}.Debug|Any CPU.ActiveCfg = Debug|Any CPU
		{DCBECE02-37BC-4074-BEDA-7F8960EB8B4E}.Debug|Any CPU.Build.0 = Debug|Any CPU
		{DCBECE02-37BC-4074-BEDA-7F8960EB8B4E}.Release|Any CPU.ActiveCfg = Release|Any CPU
		{DCBECE02-37BC-4074-BEDA-7F8960EB8B4E}.Release|Any CPU.Build.0 = Release|Any CPU
		{B12CB6FC-9EA8-4BCC-9A00-21F9E8B0589A}.Debug|Any CPU.ActiveCfg = Debug|Any CPU
		{B12CB6FC-9EA8-4BCC-9A00-21F9E8B0589A}.Debug|Any CPU.Build.0 = Debug|Any CPU
		{B12CB6FC-9EA8-4BCC-9A00-21F9E8B0589A}.Release|Any CPU.ActiveCfg = Release|Any CPU
		{B12CB6FC-9EA8-4BCC-9A00-21F9E8B0589A}.Release|Any CPU.Build.0 = Release|Any CPU
		{9EAD7D59-30E5-4D12-888D-577C230F27F2}.Debug|Any CPU.ActiveCfg = Debug|Any CPU
		{9EAD7D59-30E5-4D12-888D-577C230F27F2}.Debug|Any CPU.Build.0 = Debug|Any CPU
		{9EAD7D59-30E5-4D12-888D-577C230F27F2}.Release|Any CPU.ActiveCfg = Release|Any CPU
		{9EAD7D59-30E5-4D12-888D-577C230F27F2}.Release|Any CPU.Build.0 = Release|Any CPU
	EndGlobalSection
	GlobalSection(SolutionProperties) = preSolution
		HideSolutionNode = FALSE
	EndGlobalSection
EndGlobal
