
Microsoft Visual Studio Solution File, Format Version 12.00
# Visual Studio 14
VisualStudioVersion = 14.0.25123.0
MinimumVisualStudioVersion = 10.0.40219.1
Project("{FAE04EC0-301F-11D3-BF4B-00C04F79EFBC}") = "01. Hornet Wings", "01. Hornet Wings\01. Hornet Wings.csproj", "{A00A7223-659B-4900-B2C3-99A912F3BBD6}"
EndProject
Project("{FAE04EC0-301F-11D3-BF4B-00C04F79EFBC}") = "02. Hornet Comm", "02. Hornet Comm.\02. Hornet Comm.csproj", "{5D6AC469-E79C-497B-8D0A-6BF553A9513C}"
EndProject
Project("{FAE04EC0-301F-11D3-BF4B-00C04F79EFBC}") = "03. Hornet Assault", "03. Hornet Assault\03. Hornet Assault.csproj", "{1A0FC9D0-83D1-47A1-9D6E-62B22982CA03}"
EndProject
Project("{FAE04EC0-301F-11D3-BF4B-00C04F79EFBC}") = "04. Hornet Armada", "04. Hornet Armada\04. Hornet Armada.csproj", "{5B788488-A41B-443C-85AB-63C02E2D274E}"
EndProject
Global
	GlobalSection(SolutionConfigurationPlatforms) = preSolution
		Debug|Any CPU = Debug|Any CPU
		Release|Any CPU = Release|Any CPU
	EndGlobalSection
	GlobalSection(ProjectConfigurationPlatforms) = postSolution
		{A00A7223-659B-4900-B2C3-99A912F3BBD6}.Debug|Any CPU.ActiveCfg = Debug|Any CPU
		{A00A7223-659B-4900-B2C3-99A912F3BBD6}.Debug|Any CPU.Build.0 = Debug|Any CPU
		{A00A7223-659B-4900-B2C3-99A912F3BBD6}.Release|Any CPU.ActiveCfg = Release|Any CPU
		{A00A7223-659B-4900-B2C3-99A912F3BBD6}.Release|Any CPU.Build.0 = Release|Any CPU
		{5D6AC469-E79C-497B-8D0A-6BF553A9513C}.Debug|Any CPU.ActiveCfg = Debug|Any CPU
		{5D6AC469-E79C-497B-8D0A-6BF553A9513C}.Debug|Any CPU.Build.0 = Debug|Any CPU
		{5D6AC469-E79C-497B-8D0A-6BF553A9513C}.Release|Any CPU.ActiveCfg = Release|Any CPU
		{5D6AC469-E79C-497B-8D0A-6BF553A9513C}.Release|Any CPU.Build.0 = Release|Any CPU
		{1A0FC9D0-83D1-47A1-9D6E-62B22982CA03}.Debug|Any CPU.ActiveCfg = Debug|Any CPU
		{1A0FC9D0-83D1-47A1-9D6E-62B22982CA03}.Debug|Any CPU.Build.0 = Debug|Any CPU
		{1A0FC9D0-83D1-47A1-9D6E-62B22982CA03}.Release|Any CPU.ActiveCfg = Release|Any CPU
		{1A0FC9D0-83D1-47A1-9D6E-62B22982CA03}.Release|Any CPU.Build.0 = Release|Any CPU
		{5B788488-A41B-443C-85AB-63C02E2D274E}.Debug|Any CPU.ActiveCfg = Debug|Any CPU
		{5B788488-A41B-443C-85AB-63C02E2D274E}.Debug|Any CPU.Build.0 = Debug|Any CPU
		{5B788488-A41B-443C-85AB-63C02E2D274E}.Release|Any CPU.ActiveCfg = Release|Any CPU
		{5B788488-A41B-443C-85AB-63C02E2D274E}.Release|Any CPU.Build.0 = Release|Any CPU
	EndGlobalSection
	GlobalSection(SolutionProperties) = preSolution
		HideSolutionNode = FALSE
	EndGlobalSection
EndGlobal
