
Microsoft Visual Studio Solution File, Format Version 12.00
# Visual Studio 14
VisualStudioVersion = 14.0.25123.0
MinimumVisualStudioVersion = 10.0.40219.1
Project("{FAE04EC0-301F-11D3-BF4B-00C04F79EFBC}") = "01. Placeholders", "01. Placeholders\01. Placeholders.csproj", "{3F007740-653C-4F2B-9A12-C9300251D23A}"
EndProject
Project("{FAE04EC0-301F-11D3-BF4B-00C04F79EFBC}") = "02. JSON Stringify", "02. JSON Stringify\02. JSON Stringify.csproj", "{B017E967-E5C6-4EAD-97D9-32ED2EF4E1C1}"
EndProject
Project("{FAE04EC0-301F-11D3-BF4B-00C04F79EFBC}") = "03. JSON Parse", "03. JSON Parse\03. JSON Parse.csproj", "{D8177004-35E8-4760-8F57-C834DDD70AF0}"
EndProject
Project("{FAE04EC0-301F-11D3-BF4B-00C04F79EFBC}") = "04. Sentence Split", "04. Sentence Split\04. Sentence Split.csproj", "{1DEDEC59-EF87-48C4-A282-B9A9C7BAE0E8}"
EndProject
Project("{FAE04EC0-301F-11D3-BF4B-00C04F79EFBC}") = "05. Capitalize Words", "05. Capitalize Words\05. Capitalize Words.csproj", "{DFDF6192-5B55-442E-816F-9807CF457829}"
EndProject
Global
	GlobalSection(SolutionConfigurationPlatforms) = preSolution
		Debug|Any CPU = Debug|Any CPU
		Release|Any CPU = Release|Any CPU
	EndGlobalSection
	GlobalSection(ProjectConfigurationPlatforms) = postSolution
		{3F007740-653C-4F2B-9A12-C9300251D23A}.Debug|Any CPU.ActiveCfg = Debug|Any CPU
		{3F007740-653C-4F2B-9A12-C9300251D23A}.Debug|Any CPU.Build.0 = Debug|Any CPU
		{3F007740-653C-4F2B-9A12-C9300251D23A}.Release|Any CPU.ActiveCfg = Release|Any CPU
		{3F007740-653C-4F2B-9A12-C9300251D23A}.Release|Any CPU.Build.0 = Release|Any CPU
		{B017E967-E5C6-4EAD-97D9-32ED2EF4E1C1}.Debug|Any CPU.ActiveCfg = Debug|Any CPU
		{B017E967-E5C6-4EAD-97D9-32ED2EF4E1C1}.Debug|Any CPU.Build.0 = Debug|Any CPU
		{B017E967-E5C6-4EAD-97D9-32ED2EF4E1C1}.Release|Any CPU.ActiveCfg = Release|Any CPU
		{B017E967-E5C6-4EAD-97D9-32ED2EF4E1C1}.Release|Any CPU.Build.0 = Release|Any CPU
		{D8177004-35E8-4760-8F57-C834DDD70AF0}.Debug|Any CPU.ActiveCfg = Debug|Any CPU
		{D8177004-35E8-4760-8F57-C834DDD70AF0}.Debug|Any CPU.Build.0 = Debug|Any CPU
		{D8177004-35E8-4760-8F57-C834DDD70AF0}.Release|Any CPU.ActiveCfg = Release|Any CPU
		{D8177004-35E8-4760-8F57-C834DDD70AF0}.Release|Any CPU.Build.0 = Release|Any CPU
		{1DEDEC59-EF87-48C4-A282-B9A9C7BAE0E8}.Debug|Any CPU.ActiveCfg = Debug|Any CPU
		{1DEDEC59-EF87-48C4-A282-B9A9C7BAE0E8}.Debug|Any CPU.Build.0 = Debug|Any CPU
		{1DEDEC59-EF87-48C4-A282-B9A9C7BAE0E8}.Release|Any CPU.ActiveCfg = Release|Any CPU
		{1DEDEC59-EF87-48C4-A282-B9A9C7BAE0E8}.Release|Any CPU.Build.0 = Release|Any CPU
		{DFDF6192-5B55-442E-816F-9807CF457829}.Debug|Any CPU.ActiveCfg = Debug|Any CPU
		{DFDF6192-5B55-442E-816F-9807CF457829}.Debug|Any CPU.Build.0 = Debug|Any CPU
		{DFDF6192-5B55-442E-816F-9807CF457829}.Release|Any CPU.ActiveCfg = Release|Any CPU
		{DFDF6192-5B55-442E-816F-9807CF457829}.Release|Any CPU.Build.0 = Release|Any CPU
	EndGlobalSection
	GlobalSection(SolutionProperties) = preSolution
		HideSolutionNode = FALSE
	EndGlobalSection
EndGlobal
