
Microsoft Visual Studio Solution File, Format Version 12.00
# Visual Studio 14
VisualStudioVersion = 14.0.25123.0
MinimumVisualStudioVersion = 10.0.40219.1
Project("{FAE04EC0-301F-11D3-BF4B-00C04F79EFBC}") = "01. Melrah Shake", "01. Melrah Shake\01. Melrah Shake.csproj", "{061FA101-E9AE-4384-807C-ED93330D1E95}"
EndProject
Project("{FAE04EC0-301F-11D3-BF4B-00C04F79EFBC}") = "03. Critical Breakpoint", "03. Critical Breakpoint\03. Critical Breakpoint.csproj", "{5D38B733-E0C7-4582-B3F5-3C49A5C252FD}"
EndProject
Project("{FAE04EC0-301F-11D3-BF4B-00C04F79EFBC}") = "04. GUnit", "04. GUnit\04. GUnit.csproj", "{FABB9C8D-F185-47D3-8FF1-D4D6E549F0E3}"
EndProject
Global
	GlobalSection(SolutionConfigurationPlatforms) = preSolution
		Debug|Any CPU = Debug|Any CPU
		Release|Any CPU = Release|Any CPU
	EndGlobalSection
	GlobalSection(ProjectConfigurationPlatforms) = postSolution
		{061FA101-E9AE-4384-807C-ED93330D1E95}.Debug|Any CPU.ActiveCfg = Debug|Any CPU
		{061FA101-E9AE-4384-807C-ED93330D1E95}.Debug|Any CPU.Build.0 = Debug|Any CPU
		{061FA101-E9AE-4384-807C-ED93330D1E95}.Release|Any CPU.ActiveCfg = Release|Any CPU
		{061FA101-E9AE-4384-807C-ED93330D1E95}.Release|Any CPU.Build.0 = Release|Any CPU
		{5D38B733-E0C7-4582-B3F5-3C49A5C252FD}.Debug|Any CPU.ActiveCfg = Debug|Any CPU
		{5D38B733-E0C7-4582-B3F5-3C49A5C252FD}.Debug|Any CPU.Build.0 = Debug|Any CPU
		{5D38B733-E0C7-4582-B3F5-3C49A5C252FD}.Release|Any CPU.ActiveCfg = Release|Any CPU
		{5D38B733-E0C7-4582-B3F5-3C49A5C252FD}.Release|Any CPU.Build.0 = Release|Any CPU
		{FABB9C8D-F185-47D3-8FF1-D4D6E549F0E3}.Debug|Any CPU.ActiveCfg = Debug|Any CPU
		{FABB9C8D-F185-47D3-8FF1-D4D6E549F0E3}.Debug|Any CPU.Build.0 = Debug|Any CPU
		{FABB9C8D-F185-47D3-8FF1-D4D6E549F0E3}.Release|Any CPU.ActiveCfg = Release|Any CPU
		{FABB9C8D-F185-47D3-8FF1-D4D6E549F0E3}.Release|Any CPU.Build.0 = Release|Any CPU
	EndGlobalSection
	GlobalSection(SolutionProperties) = preSolution
		HideSolutionNode = FALSE
	EndGlobalSection
EndGlobal
