
Microsoft Visual Studio Solution File, Format Version 12.00
# Visual Studio 14
VisualStudioVersion = 14.0.25123.0
MinimumVisualStudioVersion = 10.0.40219.1
Project("{FAE04EC0-301F-11D3-BF4B-00C04F79EFBC}") = "01. Count Real Numbers", "01. Count Real Numbers\01. Count Real Numbers.csproj", "{7094ABC3-8672-4DDF-AD5A-85ACC45F3C30}"
EndProject
Project("{FAE04EC0-301F-11D3-BF4B-00C04F79EFBC}") = "02. Odd Occurrences", "02. Odd Occurrences\02. Odd Occurrences.csproj", "{66BAB030-00C7-4319-BB49-AA55D99436EF}"
EndProject
Global
	GlobalSection(SolutionConfigurationPlatforms) = preSolution
		Debug|Any CPU = Debug|Any CPU
		Release|Any CPU = Release|Any CPU
	EndGlobalSection
	GlobalSection(ProjectConfigurationPlatforms) = postSolution
		{7094ABC3-8672-4DDF-AD5A-85ACC45F3C30}.Debug|Any CPU.ActiveCfg = Debug|Any CPU
		{7094ABC3-8672-4DDF-AD5A-85ACC45F3C30}.Debug|Any CPU.Build.0 = Debug|Any CPU
		{7094ABC3-8672-4DDF-AD5A-85ACC45F3C30}.Release|Any CPU.ActiveCfg = Release|Any CPU
		{7094ABC3-8672-4DDF-AD5A-85ACC45F3C30}.Release|Any CPU.Build.0 = Release|Any CPU
		{66BAB030-00C7-4319-BB49-AA55D99436EF}.Debug|Any CPU.ActiveCfg = Debug|Any CPU
		{66BAB030-00C7-4319-BB49-AA55D99436EF}.Debug|Any CPU.Build.0 = Debug|Any CPU
		{66BAB030-00C7-4319-BB49-AA55D99436EF}.Release|Any CPU.ActiveCfg = Release|Any CPU
		{66BAB030-00C7-4319-BB49-AA55D99436EF}.Release|Any CPU.Build.0 = Release|Any CPU
	EndGlobalSection
	GlobalSection(SolutionProperties) = preSolution
		HideSolutionNode = FALSE
	EndGlobalSection
EndGlobal
