
Microsoft Visual Studio Solution File, Format Version 12.00
# Visual Studio 14
VisualStudioVersion = 14.0.25123.0
MinimumVisualStudioVersion = 10.0.40219.1
Project("{FAE04EC0-301F-11D3-BF4B-00C04F79EFBC}") = "01. Last 3 Consecutive Equal Strings", "01. Last 3 Consecutive Equal Strings\01. Last 3 Consecutive Equal Strings.csproj", "{C5214D97-6A0F-40B7-A288-73BE3CB39396}"
EndProject
Project("{FAE04EC0-301F-11D3-BF4B-00C04F79EFBC}") = "02. Array Elements Equal to Their Index", "02. Array Elements Equal to Their Index\02. Array Elements Equal to Their Index.csproj", "{FBC072F4-5097-4330-86A3-E02F11C6D6BA}"
EndProject
Project("{FAE04EC0-301F-11D3-BF4B-00C04F79EFBC}") = "03. Phonebook", "03. Phonebook\03. Phonebook.csproj", "{7DEAC6EA-4373-4502-8B74-704652E01F4E}"
EndProject
Project("{FAE04EC0-301F-11D3-BF4B-00C04F79EFBC}") = "04. Phone", "04. Phone\04. Phone.csproj", "{95FA4397-F98F-4A70-9D72-7B3ED7154F8F}"
EndProject
Project("{FAE04EC0-301F-11D3-BF4B-00C04F79EFBC}") = "05. Char Rotation", "05. Char Rotation\05. Char Rotation.csproj", "{D767A297-D8AB-48F8-9DBA-C8103D6352B3}"
EndProject
Global
	GlobalSection(SolutionConfigurationPlatforms) = preSolution
		Debug|Any CPU = Debug|Any CPU
		Release|Any CPU = Release|Any CPU
	EndGlobalSection
	GlobalSection(ProjectConfigurationPlatforms) = postSolution
		{C5214D97-6A0F-40B7-A288-73BE3CB39396}.Debug|Any CPU.ActiveCfg = Debug|Any CPU
		{C5214D97-6A0F-40B7-A288-73BE3CB39396}.Debug|Any CPU.Build.0 = Debug|Any CPU
		{C5214D97-6A0F-40B7-A288-73BE3CB39396}.Release|Any CPU.ActiveCfg = Release|Any CPU
		{C5214D97-6A0F-40B7-A288-73BE3CB39396}.Release|Any CPU.Build.0 = Release|Any CPU
		{FBC072F4-5097-4330-86A3-E02F11C6D6BA}.Debug|Any CPU.ActiveCfg = Debug|Any CPU
		{FBC072F4-5097-4330-86A3-E02F11C6D6BA}.Debug|Any CPU.Build.0 = Debug|Any CPU
		{FBC072F4-5097-4330-86A3-E02F11C6D6BA}.Release|Any CPU.ActiveCfg = Release|Any CPU
		{FBC072F4-5097-4330-86A3-E02F11C6D6BA}.Release|Any CPU.Build.0 = Release|Any CPU
		{7DEAC6EA-4373-4502-8B74-704652E01F4E}.Debug|Any CPU.ActiveCfg = Debug|Any CPU
		{7DEAC6EA-4373-4502-8B74-704652E01F4E}.Debug|Any CPU.Build.0 = Debug|Any CPU
		{7DEAC6EA-4373-4502-8B74-704652E01F4E}.Release|Any CPU.ActiveCfg = Release|Any CPU
		{7DEAC6EA-4373-4502-8B74-704652E01F4E}.Release|Any CPU.Build.0 = Release|Any CPU
		{95FA4397-F98F-4A70-9D72-7B3ED7154F8F}.Debug|Any CPU.ActiveCfg = Debug|Any CPU
		{95FA4397-F98F-4A70-9D72-7B3ED7154F8F}.Debug|Any CPU.Build.0 = Debug|Any CPU
		{95FA4397-F98F-4A70-9D72-7B3ED7154F8F}.Release|Any CPU.ActiveCfg = Release|Any CPU
		{95FA4397-F98F-4A70-9D72-7B3ED7154F8F}.Release|Any CPU.Build.0 = Release|Any CPU
		{D767A297-D8AB-48F8-9DBA-C8103D6352B3}.Debug|Any CPU.ActiveCfg = Debug|Any CPU
		{D767A297-D8AB-48F8-9DBA-C8103D6352B3}.Debug|Any CPU.Build.0 = Debug|Any CPU
		{D767A297-D8AB-48F8-9DBA-C8103D6352B3}.Release|Any CPU.ActiveCfg = Release|Any CPU
		{D767A297-D8AB-48F8-9DBA-C8103D6352B3}.Release|Any CPU.Build.0 = Release|Any CPU
	EndGlobalSection
	GlobalSection(SolutionProperties) = preSolution
		HideSolutionNode = FALSE
	EndGlobalSection
EndGlobal
