
Microsoft Visual Studio Solution File, Format Version 12.00
# Visual Studio 14
VisualStudioVersion = 14.0.25123.0
MinimumVisualStudioVersion = 10.0.40219.1
Project("{FAE04EC0-301F-11D3-BF4B-00C04F79EFBC}") = "01. Sum Array Elements", "01. Sum Array Elements\01. Sum Array Elements.csproj", "{E4234CA5-A688-4EDD-A3F4-7738873F6861}"
EndProject
Project("{FAE04EC0-301F-11D3-BF4B-00C04F79EFBC}") = "02. Multiply an Array of Doubles", "02. Multiply an Array of Doubles\02. Multiply an Array of Doubles.csproj", "{EA5CEB04-8E79-465B-8F7F-35132C4E3173}"
EndProject
Project("{FAE04EC0-301F-11D3-BF4B-00C04F79EFBC}") = "03. Smallest Element in Array", "03. Smallest Element in Array\03. Smallest Element in Array.csproj", "{25F92770-2EA8-4BE9-9172-7985866026E4}"
EndProject
Project("{FAE04EC0-301F-11D3-BF4B-00C04F79EFBC}") = "04. Rotate Array of Strings", "04. Rotate Array of Strings\04. Rotate Array of Strings.csproj", "{321F8A38-1F75-4A5D-B335-31633E98CDAC}"
EndProject
Project("{FAE04EC0-301F-11D3-BF4B-00C04F79EFBC}") = "05. Count of Odd Numbers in Array", "05. Count of Odd Numbers in Array\05. Count of Odd Numbers in Array.csproj", "{CCD6CFA5-EBA5-44D5-8AA4-5765590AD887}"
EndProject
Project("{FAE04EC0-301F-11D3-BF4B-00C04F79EFBC}") = "06. Odd Numbers at Odd Positions", "06. Odd Numbers at Odd Positions\06. Odd Numbers at Odd Positions.csproj", "{C9D33DCA-0C47-479B-A20C-88DDDE7E6620}"
EndProject
Global
	GlobalSection(SolutionConfigurationPlatforms) = preSolution
		Debug|Any CPU = Debug|Any CPU
		Release|Any CPU = Release|Any CPU
	EndGlobalSection
	GlobalSection(ProjectConfigurationPlatforms) = postSolution
		{E4234CA5-A688-4EDD-A3F4-7738873F6861}.Debug|Any CPU.ActiveCfg = Debug|Any CPU
		{E4234CA5-A688-4EDD-A3F4-7738873F6861}.Debug|Any CPU.Build.0 = Debug|Any CPU
		{E4234CA5-A688-4EDD-A3F4-7738873F6861}.Release|Any CPU.ActiveCfg = Release|Any CPU
		{E4234CA5-A688-4EDD-A3F4-7738873F6861}.Release|Any CPU.Build.0 = Release|Any CPU
		{EA5CEB04-8E79-465B-8F7F-35132C4E3173}.Debug|Any CPU.ActiveCfg = Debug|Any CPU
		{EA5CEB04-8E79-465B-8F7F-35132C4E3173}.Debug|Any CPU.Build.0 = Debug|Any CPU
		{EA5CEB04-8E79-465B-8F7F-35132C4E3173}.Release|Any CPU.ActiveCfg = Release|Any CPU
		{EA5CEB04-8E79-465B-8F7F-35132C4E3173}.Release|Any CPU.Build.0 = Release|Any CPU
		{25F92770-2EA8-4BE9-9172-7985866026E4}.Debug|Any CPU.ActiveCfg = Debug|Any CPU
		{25F92770-2EA8-4BE9-9172-7985866026E4}.Debug|Any CPU.Build.0 = Debug|Any CPU
		{25F92770-2EA8-4BE9-9172-7985866026E4}.Release|Any CPU.ActiveCfg = Release|Any CPU
		{25F92770-2EA8-4BE9-9172-7985866026E4}.Release|Any CPU.Build.0 = Release|Any CPU
		{321F8A38-1F75-4A5D-B335-31633E98CDAC}.Debug|Any CPU.ActiveCfg = Debug|Any CPU
		{321F8A38-1F75-4A5D-B335-31633E98CDAC}.Debug|Any CPU.Build.0 = Debug|Any CPU
		{321F8A38-1F75-4A5D-B335-31633E98CDAC}.Release|Any CPU.ActiveCfg = Release|Any CPU
		{321F8A38-1F75-4A5D-B335-31633E98CDAC}.Release|Any CPU.Build.0 = Release|Any CPU
		{CCD6CFA5-EBA5-44D5-8AA4-5765590AD887}.Debug|Any CPU.ActiveCfg = Debug|Any CPU
		{CCD6CFA5-EBA5-44D5-8AA4-5765590AD887}.Debug|Any CPU.Build.0 = Debug|Any CPU
		{CCD6CFA5-EBA5-44D5-8AA4-5765590AD887}.Release|Any CPU.ActiveCfg = Release|Any CPU
		{CCD6CFA5-EBA5-44D5-8AA4-5765590AD887}.Release|Any CPU.Build.0 = Release|Any CPU
		{C9D33DCA-0C47-479B-A20C-88DDDE7E6620}.Debug|Any CPU.ActiveCfg = Debug|Any CPU
		{C9D33DCA-0C47-479B-A20C-88DDDE7E6620}.Debug|Any CPU.Build.0 = Debug|Any CPU
		{C9D33DCA-0C47-479B-A20C-88DDDE7E6620}.Release|Any CPU.ActiveCfg = Release|Any CPU
		{C9D33DCA-0C47-479B-A20C-88DDDE7E6620}.Release|Any CPU.Build.0 = Release|Any CPU
	EndGlobalSection
	GlobalSection(SolutionProperties) = preSolution
		HideSolutionNode = FALSE
	EndGlobalSection
EndGlobal
